// !$*UTF8*$!
{
	archiveVersion = 1;
	classes = {
	};
	objectVersion = 55;
	objects = {

/* Begin PBXBuildFile section */
		2EC6988C27E6E74C00AF1918 /* AppDelegate.swift in Sources */ = {isa = PBXBuildFile; fileRef = 2EC6988B27E6E74C00AF1918 /* AppDelegate.swift */; };
		2EC6988E27E6E74C00AF1918 /* SceneDelegate.swift in Sources */ = {isa = PBXBuildFile; fileRef = 2EC6988D27E6E74C00AF1918 /* SceneDelegate.swift */; };
		2EC6989027E6E74C00AF1918 /* ViewController.swift in Sources */ = {isa = PBXBuildFile; fileRef = 2EC6988F27E6E74C00AF1918 /* ViewController.swift */; };
		2EC6989327E6E74C00AF1918 /* Main.storyboard in Resources */ = {isa = PBXBuildFile; fileRef = 2EC6989127E6E74C00AF1918 /* Main.storyboard */; };
		2EC6989527E6E74F00AF1918 /* Assets.xcassets in Resources */ = {isa = PBXBuildFile; fileRef = 2EC6989427E6E74F00AF1918 /* Assets.xcassets */; };
		2EC6989827E6E74F00AF1918 /* LaunchScreen.storyboard in Resources */ = {isa = PBXBuildFile; fileRef = 2EC6989627E6E74F00AF1918 /* LaunchScreen.storyboard */; };
		3A486EB39040ACD0C5BE1DF9 /* Pods_CapstonePrototype.framework in Frameworks */ = {isa = PBXBuildFile; fileRef = 1828B12A89A6798A3B21459A /* Pods_CapstonePrototype.framework */; };
/* End PBXBuildFile section */

/* Begin PBXFileReference section */
		0FB76CAA922483C66E1156EB /* Pods-CapstonePrototype.debug.xcconfig */ = {isa = PBXFileReference; includeInIndex = 1; lastKnownFileType = text.xcconfig; name = "Pods-CapstonePrototype.debug.xcconfig"; path = "Target Support Files/Pods-CapstonePrototype/Pods-CapstonePrototype.debug.xcconfig"; sourceTree = "<group>"; };
		1828B12A89A6798A3B21459A /* Pods_CapstonePrototype.framework */ = {isa = PBXFileReference; explicitFileType = wrapper.framework; includeInIndex = 0; path = Pods_CapstonePrototype.framework; sourceTree = BUILT_PRODUCTS_DIR; };
		2EC6988827E6E74C00AF1918 /* CapstonePrototype.app */ = {isa = PBXFileReference; explicitFileType = wrapper.application; includeInIndex = 0; path = CapstonePrototype.app; sourceTree = BUILT_PRODUCTS_DIR; };
		2EC6988B27E6E74C00AF1918 /* AppDelegate.swift */ = {isa = PBXFileReference; lastKnownFileType = sourcecode.swift; path = AppDelegate.swift; sourceTree = "<group>"; };
		2EC6988D27E6E74C00AF1918 /* SceneDelegate.swift */ = {isa = PBXFileReference; lastKnownFileType = sourcecode.swift; path = SceneDelegate.swift; sourceTree = "<group>"; };
		2EC6988F27E6E74C00AF1918 /* ViewController.swift */ = {isa = PBXFileReference; lastKnownFileType = sourcecode.swift; name = ViewController.swift; path = /Users/ying/Desktop/Capstone/CapstonePrototype/CapstonePrototype/ViewController.swift; sourceTree = "<absolute>"; };
		2EC6989227E6E74C00AF1918 /* Base */ = {isa = PBXFileReference; lastKnownFileType = file.storyboard; name = Base; path = Base.lproj/Main.storyboard; sourceTree = "<group>"; };
		2EC6989427E6E74F00AF1918 /* Assets.xcassets */ = {isa = PBXFileReference; lastKnownFileType = folder.assetcatalog; path = Assets.xcassets; sourceTree = "<group>"; };
		2EC6989727E6E74F00AF1918 /* Base */ = {isa = PBXFileReference; lastKnownFileType = file.storyboard; name = Base; path = Base.lproj/LaunchScreen.storyboard; sourceTree = "<group>"; };
		2EC6989927E6E74F00AF1918 /* Info.plist */ = {isa = PBXFileReference; lastKnownFileType = text.plist.xml; path = Info.plist; sourceTree = "<group>"; };
		B0230229FC090193578679B9 /* Pods-CapstonePrototype.release.xcconfig */ = {isa = PBXFileReference; includeInIndex = 1; lastKnownFileType = text.xcconfig; name = "Pods-CapstonePrototype.release.xcconfig"; path = "Target Support Files/Pods-CapstonePrototype/Pods-CapstonePrototype.release.xcconfig"; sourceTree = "<group>"; };
/* End PBXFileReference section */

/* Begin PBXFrameworksBuildPhase section */
		2EC6988527E6E74C00AF1918 /* Frameworks */ = {
			isa = PBXFrameworksBuildPhase;
			buildActionMask = 2147483647;
			files = (
				3A486EB39040ACD0C5BE1DF9 /* Pods_CapstonePrototype.framework in Frameworks */,
			);
			runOnlyForDeploymentPostprocessing = 0;
		};
/* End PBXFrameworksBuildPhase section */

/* Begin PBXGroup section */
		2EC6987F27E6E74C00AF1918 = {
			isa = PBXGroup;
			children = (
				2EC6988A27E6E74C00AF1918 /* CapstonePrototype */,
				2EC6988927E6E74C00AF1918 /* Products */,
				EA835B53F6006BDC20189998 /* Pods */,
				62C83E2759AB256C11DFA039 /* Frameworks */,
			);
			sourceTree = "<group>";
		};
		2EC6988927E6E74C00AF1918 /* Products */ = {
			isa = PBXGroup;
			children = (
				2EC6988827E6E74C00AF1918 /* CapstonePrototype.app */,
			);
			name = Products;
			sourceTree = "<group>";
		};
		2EC6988A27E6E74C00AF1918 /* CapstonePrototype */ = {
			isa = PBXGroup;
			children = (
				2EC6988B27E6E74C00AF1918 /* AppDelegate.swift */,
				2EC6988D27E6E74C00AF1918 /* SceneDelegate.swift */,
				2EC6988F27E6E74C00AF1918 /* ViewController.swift */,
				2EC6989127E6E74C00AF1918 /* Main.storyboard */,
				2EC6989427E6E74F00AF1918 /* Assets.xcassets */,
				2EC6989627E6E74F00AF1918 /* LaunchScreen.storyboard */,
				2EC6989927E6E74F00AF1918 /* Info.plist */,
			);
			path = CapstonePrototype;
			sourceTree = "<group>";
		};
		62C83E2759AB256C11DFA039 /* Frameworks */ = {
			isa = PBXGroup;
			children = (
				1828B12A89A6798A3B21459A /* Pods_CapstonePrototype.framework */,
			);
			name = Frameworks;
			sourceTree = "<group>";
		};
		EA835B53F6006BDC20189998 /* Pods */ = {
			isa = PBXGroup;
			children = (
				0FB76CAA922483C66E1156EB /* Pods-CapstonePrototype.debug.xcconfig */,
				B0230229FC090193578679B9 /* Pods-CapstonePrototype.release.xcconfig */,
			);
			path = Pods;
			sourceTree = "<group>";
		};
/* End PBXGroup section */

/* Begin PBXNativeTarget section */
		2EC6988727E6E74C00AF1918 /* CapstonePrototype */ = {
			isa = PBXNativeTarget;
			buildConfigurationList = 2EC6989C27E6E74F00AF1918 /* Build configuration list for PBXNativeTarget "CapstonePrototype" */;
			buildPhases = (
				2C2209AAE4A9C6A44DD55F57 /* [CP] Check Pods Manifest.lock */,
				2EC6988427E6E74C00AF1918 /* Sources */,
				2EC6988527E6E74C00AF1918 /* Frameworks */,
				2EC6988627E6E74C00AF1918 /* Resources */,
				7DEC2B3AF2FF4FE999D13EF4 /* [CP] Embed Pods Frameworks */,
			);
			buildRules = (
			);
			dependencies = (
			);
			name = CapstonePrototype;
			packageProductDependencies = (
			);
			productName = CapstonePrototype;
			productReference = 2EC6988827E6E74C00AF1918 /* CapstonePrototype.app */;
			productType = "com.apple.product-type.application";
		};
/* End PBXNativeTarget section */

/* Begin PBXProject section */
		2EC6988027E6E74C00AF1918 /* Project object */ = {
			isa = PBXProject;
			attributes = {
				BuildIndependentTargetsInParallel = 1;
				LastSwiftUpdateCheck = 1320;
				LastUpgradeCheck = 1320;
				TargetAttributes = {
					2EC6988727E6E74C00AF1918 = {
						CreatedOnToolsVersion = 13.2.1;
					};
				};
			};
			buildConfigurationList = 2EC6988327E6E74C00AF1918 /* Build configuration list for PBXProject "CapstonePrototype" */;
			compatibilityVersion = "Xcode 13.0";
			developmentRegion = en;
			hasScannedForEncodings = 0;
			knownRegions = (
				en,
				Base,
			);
			mainGroup = 2EC6987F27E6E74C00AF1918;
			packageReferences = (
			);
			productRefGroup = 2EC6988927E6E74C00AF1918 /* Products */;
			projectDirPath = "";
			projectRoot = "";
			targets = (
				2EC6988727E6E74C00AF1918 /* CapstonePrototype */,
			);
		};
/* End PBXProject section */

/* Begin PBXResourcesBuildPhase section */
		2EC6988627E6E74C00AF1918 /* Resources */ = {
			isa = PBXResourcesBuildPhase;
			buildActionMask = 2147483647;
			files = (
				2EC6989827E6E74F00AF1918 /* LaunchScreen.storyboard in Resources */,
				2EC6989527E6E74F00AF1918 /* Assets.xcassets in Resources */,
				2EC6989327E6E74C00AF1918 /* Main.storyboard in Resources */,
			);
			runOnlyForDeploymentPostprocessing = 0;
		};
/* End PBXResourcesBuildPhase section */

/* Begin PBXShellScriptBuildPhase section */
		2C2209AAE4A9C6A44DD55F57 /* [CP] Check Pods Manifest.lock */ = {
			isa = PBXShellScriptBuildPhase;
			buildActionMask = 2147483647;
			files = (
			);
			inputFileListPaths = (
			);
			inputPaths = (
				"${PODS_PODFILE_DIR_PATH}/Podfile.lock",
				"${PODS_ROOT}/Manifest.lock",
			);
			name = "[CP] Check Pods Manifest.lock";
			outputFileListPaths = (
			);
			outputPaths = (
				"$(DERIVED_FILE_DIR)/Pods-CapstonePrototype-checkManifestLockResult.txt",
			);
			runOnlyForDeploymentPostprocessing = 0;
			shellPath = /bin/sh;
			shellScript = "diff \"${PODS_PODFILE_DIR_PATH}/Podfile.lock\" \"${PODS_ROOT}/Manifest.lock\" > /dev/null\nif [ $? != 0 ] ; then\n    # print error to STDERR\n    echo \"error: The sandbox is not in sync with the Podfile.lock. Run 'pod install' or update your CocoaPods installation.\" >&2\n    exit 1\nfi\n# This output is used by Xcode 'outputs' to avoid re-running this script phase.\necho \"SUCCESS\" > \"${SCRIPT_OUTPUT_FILE_0}\"\n";
			showEnvVarsInLog = 0;
		};
		7DEC2B3AF2FF4FE999D13EF4 /* [CP] Embed Pods Frameworks */ = {
			isa = PBXShellScriptBuildPhase;
			buildActionMask = 2147483647;
			files = (
			);
			inputFileListPaths = (
				"${PODS_ROOT}/Target Support Files/Pods-CapstonePrototype/Pods-CapstonePrototype-frameworks-${CONFIGURATION}-input-files.xcfilelist",
			);
			name = "[CP] Embed Pods Frameworks";
			outputFileListPaths = (
				"${PODS_ROOT}/Target Support Files/Pods-CapstonePrototype/Pods-CapstonePrototype-frameworks-${CONFIGURATION}-output-files.xcfilelist",
			);
			runOnlyForDeploymentPostprocessing = 0;
			shellPath = /bin/sh;
			shellScript = "\"${PODS_ROOT}/Target Support Files/Pods-CapstonePrototype/Pods-CapstonePrototype-frameworks.sh\"\n";
			showEnvVarsInLog = 0;
		};
/* End PBXShellScriptBuildPhase section */

/* Begin PBXSourcesBuildPhase section */
		2EC6988427E6E74C00AF1918 /* Sources */ = {
			isa = PBXSourcesBuildPhase;
			buildActionMask = 2147483647;
			files = (
				2EC6989027E6E74C00AF1918 /* ViewController.swift in Sources */,
				2EC6988C27E6E74C00AF1918 /* AppDelegate.swift in Sources */,
				2EC6988E27E6E74C00AF1918 /* SceneDelegate.swift in Sources */,
			);
			runOnlyForDeploymentPostprocessing = 0;
		};
/* End PBXSourcesBuildPhase section */

/* Begin PBXVariantGroup section */
		2EC6989127E6E74C00AF1918 /* Main.storyboard */ = {
			isa = PBXVariantGroup;
			children = (
				2EC6989227E6E74C00AF1918 /* Base */,
			);
			name = Main.storyboard;
			sourceTree = "<group>";
		};
		2EC6989627E6E74F00AF1918 /* LaunchScreen.storyboard */ = {
			isa = PBXVariantGroup;
			children = (
				2EC6989727E6E74F00AF1918 /* Base */,
			);
			name = LaunchScreen.storyboard;
			sourceTree = "<group>";
		};
/* End PBXVariantGroup section */

/* Begin XCBuildConfiguration section */
		2EC6989A27E6E74F00AF1918 /* Debug */ = {
			isa = XCBuildConfiguration;
			buildSettings = {
				ALWAYS_SEARCH_USER_PATHS = NO;
				CLANG_ANALYZER_NONNULL = YES;
				CLANG_ANALYZER_NUMBER_OBJECT_CONVERSION = YES_AGGRESSIVE;
				CLANG_CXX_LANGUAGE_STANDARD = "gnu++17";
				CLANG_CXX_LIBRARY = "libc++";
				CLANG_ENABLE_MODULES = YES;
				CLANG_ENABLE_OBJC_ARC = YES;
				CLANG_ENABLE_OBJC_WEAK = YES;
				CLANG_WARN_BLOCK_CAPTURE_AUTORELEASING = YES;
				CLANG_WARN_BOOL_CONVERSION = YES;
				CLANG_WARN_COMMA = YES;
				CLANG_WARN_CONSTANT_CONVERSION = YES;
				CLANG_WARN_DEPRECATED_OBJC_IMPLEMENTATIONS = YES;
				CLANG_WARN_DIRECT_OBJC_ISA_USAGE = YES_ERROR;
				CLANG_WARN_DOCUMENTATION_COMMENTS = YES;
				CLANG_WARN_EMPTY_BODY = YES;
				CLANG_WARN_ENUM_CONVERSION = YES;
				CLANG_WARN_INFINITE_RECURSION = YES;
				CLANG_WARN_INT_CONVERSION = YES;
				CLANG_WARN_NON_LITERAL_NULL_CONVERSION = YES;
				CLANG_WARN_OBJC_IMPLICIT_RETAIN_SELF = YES;
				CLANG_WARN_OBJC_LITERAL_CONVERSION = YES;
				CLANG_WARN_OBJC_ROOT_CLASS = YES_ERROR;
				CLANG_WARN_QUOTED_INCLUDE_IN_FRAMEWORK_HEADER = YES;
				CLANG_WARN_RANGE_LOOP_ANALYSIS = YES;
				CLANG_WARN_STRICT_PROTOTYPES = YES;
				CLANG_WARN_SUSPICIOUS_MOVE = YES;
				CLANG_WARN_UNGUARDED_AVAILABILITY = YES_AGGRESSIVE;
				CLANG_WARN_UNREACHABLE_CODE = YES;
				CLANG_WARN__DUPLICATE_METHOD_MATCH = YES;
				COPY_PHASE_STRIP = NO;
				DEBUG_INFORMATION_FORMAT = dwarf;
				ENABLE_STRICT_OBJC_MSGSEND = YES;
				ENABLE_TESTABILITY = YES;
				GCC_C_LANGUAGE_STANDARD = gnu11;
				GCC_DYNAMIC_NO_PIC = NO;
				GCC_NO_COMMON_BLOCKS = YES;
				GCC_OPTIMIZATION_LEVEL = 0;
				GCC_PREPROCESSOR_DEFINITIONS = (
					"DEBUG=1",
					"$(inherited)",
				);
				GCC_WARN_64_TO_32_BIT_CONVERSION = YES;
				GCC_WARN_ABOUT_RETURN_TYPE = YES_ERROR;
				GCC_WARN_UNDECLARED_SELECTOR = YES;
				GCC_WARN_UNINITIALIZED_AUTOS = YES_AGGRESSIVE;
				GCC_WARN_UNUSED_FUNCTION = YES;
				GCC_WARN_UNUSED_VARIABLE = YES;
				IPHONEOS_DEPLOYMENT_TARGET = 15.2;
				MTL_ENABLE_DEBUG_INFO = INCLUDE_SOURCE;
				MTL_FAST_MATH = YES;
				ONLY_ACTIVE_ARCH = YES;
				SDKROOT = iphoneos;
				SWIFT_ACTIVE_COMPILATION_CONDITIONS = DEBUG;
				SWIFT_OPTIMIZATION_LEVEL = "-Onone";
			};
			name = Debug;
		};
		2EC6989B27E6E74F00AF1918 /* Release */ = {
			isa = XCBuildConfiguration;
			buildSettings = {
				ALWAYS_SEARCH_USER_PATHS = NO;
				CLANG_ANALYZER_NONNULL = YES;
				CLANG_ANALYZER_NUMBER_OBJECT_CONVERSION = YES_AGGRESSIVE;
				CLANG_CXX_LANGUAGE_STANDARD = "gnu++17";
				CLANG_CXX_LIBRARY = "libc++";
				CLANG_ENABLE_MODULES = YES;
				CLANG_ENABLE_OBJC_ARC = YES;
				CLANG_ENABLE_OBJC_WEAK = YES;
				CLANG_WARN_BLOCK_CAPTURE_AUTORELEASING = YES;
				CLANG_WARN_BOOL_CONVERSION = YES;
				CLANG_WARN_COMMA = YES;
				CLANG_WARN_CONSTANT_CONVERSION = YES;
				CLANG_WARN_DEPRECATED_OBJC_IMPLEMENTATIONS = YES;
				CLANG_WARN_DIRECT_OBJC_ISA_USAGE = YES_ERROR;
				CLANG_WARN_DOCUMENTATION_COMMENTS = YES;
				CLANG_WARN_EMPTY_BODY = YES;
				CLANG_WARN_ENUM_CONVERSION = YES;
				CLANG_WARN_INFINITE_RECURSION = YES;
				CLANG_WARN_INT_CONVERSION = YES;
				CLANG_WARN_NON_LITERAL_NULL_CONVERSION = YES;
				CLANG_WARN_OBJC_IMPLICIT_RETAIN_SELF = YES;
				CLANG_WARN_OBJC_LITERAL_CONVERSION = YES;
				CLANG_WARN_OBJC_ROOT_CLASS = YES_ERROR;
				CLANG_WARN_QUOTED_INCLUDE_IN_FRAMEWORK_HEADER = YES;
				CLANG_WARN_RANGE_LOOP_ANALYSIS = YES;
				CLANG_WARN_STRICT_PROTOTYPES = YES;
				CLANG_WARN_SUSPICIOUS_MOVE = YES;
				CLANG_WARN_UNGUARDED_AVAILABILITY = YES_AGGRESSIVE;
				CLANG_WARN_UNREACHABLE_CODE = YES;
				CLANG_WARN__DUPLICATE_METHOD_MATCH = YES;
				COPY_PHASE_STRIP = NO;
				DEBUG_INFORMATION_FORMAT = "dwarf-with-dsym";
				ENABLE_NS_ASSERTIONS = NO;
				ENABLE_STRICT_OBJC_MSGSEND = YES;
				GCC_C_LANGUAGE_STANDARD = gnu11;
				GCC_NO_COMMON_BLOCKS = YES;
				GCC_WARN_64_TO_32_BIT_CONVERSION = YES;
				GCC_WARN_ABOUT_RETURN_TYPE = YES_ERROR;
				GCC_WARN_UNDECLARED_SELECTOR = YES;
				GCC_WARN_UNINITIALIZED_AUTOS = YES_AGGRESSIVE;
				GCC_WARN_UNUSED_FUNCTION = YES;
				GCC_WARN_UNUSED_VARIABLE = YES;
				IPHONEOS_DEPLOYMENT_TARGET = 15.2;
				MTL_ENABLE_DEBUG_INFO = NO;
				MTL_FAST_MATH = YES;
				SDKROOT = iphoneos;
				SWIFT_COMPILATION_MODE = wholemodule;
				SWIFT_OPTIMIZATION_LEVEL = "-O";
				VALIDATE_PRODUCT = YES;
			};
			name = Release;
		};
		2EC6989D27E6E74F00AF1918 /* Debug */ = {
			isa = XCBuildConfiguration;
			baseConfigurationReference = 0FB76CAA922483C66E1156EB /* Pods-CapstonePrototype.debug.xcconfig */;
			buildSettings = {
				ASSETCATALOG_COMPILER_APPICON_NAME = AppIcon;
				ASSETCATALOG_COMPILER_GLOBAL_ACCENT_COLOR_NAME = AccentColor;
				CODE_SIGN_STYLE = Automatic;
				CURRENT_PROJECT_VERSION = 1;
				DEVELOPMENT_TEAM = PP7PPHDHG2;
				GENERATE_INFOPLIST_FILE = YES;
				INFOPLIST_FILE = CapstonePrototype/Info.plist;
				INFOPLIST_KEY_NSCameraUsageDescription = "Camera Required";
				INFOPLIST_KEY_NSLocationWhenInUseUsageDescription = "Camera Required";
				INFOPLIST_KEY_UIApplicationSupportsIndirectInputEvents = YES;
				INFOPLIST_KEY_UILaunchStoryboardName = LaunchScreen;
				INFOPLIST_KEY_UIMainStoryboardFile = Main;
				INFOPLIST_KEY_UISupportedInterfaceOrientations = UIInterfaceOrientationPortrait;
				INFOPLIST_KEY_UISupportedInterfaceOrientations_iPad = "UIInterfaceOrientationPortrait UIInterfaceOrientationPortraitUpsideDown UIInterfaceOrientationLandscapeLeft UIInterfaceOrientationLandscapeRight";
				INFOPLIST_KEY_UISupportedInterfaceOrientations_iPhone = "UIInterfaceOrientationPortrait UIInterfaceOrientationLandscapeLeft UIInterfaceOrientationLandscapeRight";
				LD_RUNPATH_SEARCH_PATHS = (
					"$(inherited)",
					"@executable_path/Frameworks",
				);
				MARKETING_VERSION = 1.0;
				PRODUCT_BUNDLE_IDENTIFIER = edu.nyu.CapstoneLoc;
				PRODUCT_NAME = "$(TARGET_NAME)";
				SWIFT_EMIT_LOC_STRINGS = YES;
				SWIFT_VERSION = 5.0;
				TARGETED_DEVICE_FAMILY = "1,2";
			};
			name = Debug;
		};
		2EC6989E27E6E74F00AF1918 /* Release */ = {
			isa = XCBuildConfiguration;
			baseConfigurationReference = B0230229FC090193578679B9 /* Pods-CapstonePrototype.release.xcconfig */;
			buildSettings = {
				ASSETCATALOG_COMPILER_APPICON_NAME = AppIcon;
				ASSETCATALOG_COMPILER_GLOBAL_ACCENT_COLOR_NAME = AccentColor;
				CODE_SIGN_STYLE = Automatic;
				CURRENT_PROJECT_VERSION = 1;
				DEVELOPMENT_TEAM = PP7PPHDHG2;
				GENERATE_INFOPLIST_FILE = YES;
				INFOPLIST_FILE = CapstonePrototype/Info.plist;
				INFOPLIST_KEY_NSCameraUsageDescription = "Camera Required";
				INFOPLIST_KEY_NSLocationWhenInUseUsageDescription = "Camera Required";
				INFOPLIST_KEY_UIApplicationSupportsIndirectInputEvents = YES;
				INFOPLIST_KEY_UILaunchStoryboardName = LaunchScreen;
				INFOPLIST_KEY_UIMainStoryboardFile = Main;
				INFOPLIST_KEY_UISupportedInterfaceOrientations = UIInterfaceOrientationPortrait;
				INFOPLIST_KEY_UISupportedInterfaceOrientations_iPad = "UIInterfaceOrientationPortrait UIInterfaceOrientationPortraitUpsideDown UIInterfaceOrientationLandscapeLeft UIInterfaceOrientationLandscapeRight";
				INFOPLIST_KEY_UISupportedInterfaceOrientations_iPhone = "UIInterfaceOrientationPortrait UIInterfaceOrientationLandscapeLeft UIInterfaceOrientationLandscapeRight";
				LD_RUNPATH_SEARCH_PATHS = (
					"$(inherited)",
					"@executable_path/Frameworks",
				);
				MARKETING_VERSION = 1.0;
				PRODUCT_BUNDLE_IDENTIFIER = edu.nyu.CapstoneLoc;
				PRODUCT_NAME = "$(TARGET_NAME)";
				SWIFT_EMIT_LOC_STRINGS = YES;
				SWIFT_VERSION = 5.0;
				TARGETED_DEVICE_FAMILY = "1,2";
			};
			name = Release;
		};
/* End XCBuildConfiguration section */

/* Begin XCConfigurationList section */
		2EC6988327E6E74C00AF1918 /* Build configuration list for PBXProject "CapstonePrototype" */ = {
			isa = XCConfigurationList;
			buildConfigurations = (
				2EC6989A27E6E74F00AF1918 /* Debug */,
				2EC6989B27E6E74F00AF1918 /* Release */,
			);
			defaultConfigurationIsVisible = 0;
			defaultConfigurationName = Release;
		};
		2EC6989C27E6E74F00AF1918 /* Build configuration list for PBXNativeTarget "CapstonePrototype" */ = {
			isa = XCConfigurationList;
			buildConfigurations = (
				2EC6989D27E6E74F00AF1918 /* Debug */,
				2EC6989E27E6E74F00AF1918 /* Release */,
			);
			defaultConfigurationIsVisible = 0;
			defaultConfigurationName = Release;
		};
/* End XCConfigurationList section */
	};
	rootObject = 2EC6988027E6E74C00AF1918 /* Project object */;
}
